
Microsoft Visual Studio Solution File, Format Version 12.00
# Visual Studio Version 17
VisualStudioVersion = 17.5.002.0
MinimumVisualStudioVersion = 10.0.40219.1
Project("{9A19103F-16F7-4668-BE54-9A1E7A4F7556}") = "banque", "banque.csproj", "{C08C5528-4A41-4B82-AD3A-439AD30B8702}"
EndProject
Global
	GlobalSection(SolutionConfigurationPlatforms) = preSolution
		Debug|Any CPU = Debug|Any CPU
		Release|Any CPU = Release|Any CPU
	EndGlobalSection
	GlobalSection(ProjectConfigurationPlatforms) = postSolution
		{C08C5528-4A41-4B82-AD3A-439AD30B8702}.Debug|Any CPU.ActiveCfg = Debug|Any CPU
		{C08C5528-4A41-4B82-AD3A-439AD30B8702}.Debug|Any CPU.Build.0 = Debug|Any CPU
		{C08C5528-4A41-4B82-AD3A-439AD30B8702}.Release|Any CPU.ActiveCfg = Release|Any CPU
		{C08C5528-4A41-4B82-AD3A-439AD30B8702}.Release|Any CPU.Build.0 = Release|Any CPU
	EndGlobalSection
	GlobalSection(SolutionProperties) = preSolution
		HideSolutionNode = FALSE
	EndGlobalSection
	GlobalSection(ExtensibilityGlobals) = postSolution
		SolutionGuid = {9C6C4E43-10D9-43F1-B248-BA3F64F0C6D1}
	EndGlobalSection
EndGlobal
